
Microsoft Visual Studio Solution File, Format Version 12.00
# Visual Studio Version 17
VisualStudioVersion = 17.0.32112.339
MinimumVisualStudioVersion = 10.0.40219.1
Project("{9A19103F-16F7-4668-BE54-9A1E7A4F7556}") = "Admin.NET.Application", "Admin.NET.Application\Admin.NET.Application.csproj", "{C3F5AEC5-ACEE-4109-94E3-3F981DC18268}"
EndProject
Project("{9A19103F-16F7-4668-BE54-9A1E7A4F7556}") = "Admin.NET.Core", "Admin.NET.Core\Admin.NET.Core.csproj", "{3AD1A3ED-ED11-479D-BE32-6589D98A9ADC}"
EndProject
Project("{9A19103F-16F7-4668-BE54-9A1E7A4F7556}") = "Admin.NET.Web.Core", "Admin.NET.Web.Core\Admin.NET.Web.Core.csproj", "{8A42A864-A69E-40F7-975E-F2FA36E7DFEE}"
EndProject
Project("{9A19103F-16F7-4668-BE54-9A1E7A4F7556}") = "Admin.NET.Web.Entry", "Admin.NET.Web.Entry\Admin.NET.Web.Entry.csproj", "{11EA630B-4600-4236-A117-CE6C6CD67586}"
EndProject
Project("{2150E333-8FDC-42A3-9474-1A3956D46DE8}") = "Solution Items", "Solution Items", "{662E0B8E-F23E-4C7D-80BD-CAA5707503CC}"
	ProjectSection(SolutionItems) = preProject
		.editorconfig = .editorconfig
	EndProjectSection
EndProject
Project("{2150E333-8FDC-42A3-9474-1A3956D46DE8}") = "src", "src", "{76B65006-E9D1-4535-995D-B5208AAC400D}"
EndProject
Project("{2150E333-8FDC-42A3-9474-1A3956D46DE8}") = "test", "test", "{2FED86C7-2A99-4A48-830B-2FCFB30225BF}"
EndProject
Project("{2150E333-8FDC-42A3-9474-1A3956D46DE8}") = "Plugin", "Plugin", "{C8C96639-48B7-4022-AFB1-DC50DE35DAFE}"
EndProject
Project("{2150E333-8FDC-42A3-9474-1A3956D46DE8}") = "Core", "Core", "{CBE91D14-35DE-4D43-B72C-AD0143E2FDD3}"
EndProject
Project("{FAE04EC0-301F-11D3-BF4B-00C04F79EFBC}") = "DigitalLab.Mqtt", "src\Plugin\DigitalLab.Mqtt\DigitalLab.Mqtt.csproj", "{19E9F9D0-A62A-4EF9-ABFD-9925AD38E169}"
EndProject
Project("{FAE04EC0-301F-11D3-BF4B-00C04F79EFBC}") = "DigitalLab.PaddleOCR", "src\plugin\DigitalLab.PaddleOCR\DigitalLab.PaddleOCR.csproj", "{98E1A381-0447-420E-8ACF-D1273858C08E}"
EndProject
Global
	GlobalSection(SolutionConfigurationPlatforms) = preSolution
		Debug|Any CPU = Debug|Any CPU
		Release|Any CPU = Release|Any CPU
	EndGlobalSection
	GlobalSection(ProjectConfigurationPlatforms) = postSolution
		{C3F5AEC5-ACEE-4109-94E3-3F981DC18268}.Debug|Any CPU.ActiveCfg = Debug|Any CPU
		{C3F5AEC5-ACEE-4109-94E3-3F981DC18268}.Debug|Any CPU.Build.0 = Debug|Any CPU
		{C3F5AEC5-ACEE-4109-94E3-3F981DC18268}.Release|Any CPU.ActiveCfg = Release|Any CPU
		{C3F5AEC5-ACEE-4109-94E3-3F981DC18268}.Release|Any CPU.Build.0 = Release|Any CPU
		{3AD1A3ED-ED11-479D-BE32-6589D98A9ADC}.Debug|Any CPU.ActiveCfg = Debug|Any CPU
		{3AD1A3ED-ED11-479D-BE32-6589D98A9ADC}.Debug|Any CPU.Build.0 = Debug|Any CPU
		{3AD1A3ED-ED11-479D-BE32-6589D98A9ADC}.Release|Any CPU.ActiveCfg = Release|Any CPU
		{3AD1A3ED-ED11-479D-BE32-6589D98A9ADC}.Release|Any CPU.Build.0 = Release|Any CPU
		{8A42A864-A69E-40F7-975E-F2FA36E7DFEE}.Debug|Any CPU.ActiveCfg = Debug|Any CPU
		{8A42A864-A69E-40F7-975E-F2FA36E7DFEE}.Debug|Any CPU.Build.0 = Debug|Any CPU
		{8A42A864-A69E-40F7-975E-F2FA36E7DFEE}.Release|Any CPU.ActiveCfg = Release|Any CPU
		{8A42A864-A69E-40F7-975E-F2FA36E7DFEE}.Release|Any CPU.Build.0 = Release|Any CPU
		{11EA630B-4600-4236-A117-CE6C6CD67586}.Debug|Any CPU.ActiveCfg = Debug|Any CPU
		{11EA630B-4600-4236-A117-CE6C6CD67586}.Debug|Any CPU.Build.0 = Debug|Any CPU
		{11EA630B-4600-4236-A117-CE6C6CD67586}.Release|Any CPU.ActiveCfg = Release|Any CPU
		{11EA630B-4600-4236-A117-CE6C6CD67586}.Release|Any CPU.Build.0 = Release|Any CPU
		{19E9F9D0-A62A-4EF9-ABFD-9925AD38E169}.Debug|Any CPU.ActiveCfg = Debug|Any CPU
		{19E9F9D0-A62A-4EF9-ABFD-9925AD38E169}.Debug|Any CPU.Build.0 = Debug|Any CPU
		{19E9F9D0-A62A-4EF9-ABFD-9925AD38E169}.Release|Any CPU.ActiveCfg = Release|Any CPU
		{19E9F9D0-A62A-4EF9-ABFD-9925AD38E169}.Release|Any CPU.Build.0 = Release|Any CPU
		{98E1A381-0447-420E-8ACF-D1273858C08E}.Debug|Any CPU.ActiveCfg = Debug|Any CPU
		{98E1A381-0447-420E-8ACF-D1273858C08E}.Debug|Any CPU.Build.0 = Debug|Any CPU
		{98E1A381-0447-420E-8ACF-D1273858C08E}.Release|Any CPU.ActiveCfg = Release|Any CPU
		{98E1A381-0447-420E-8ACF-D1273858C08E}.Release|Any CPU.Build.0 = Release|Any CPU
	EndGlobalSection
	GlobalSection(SolutionProperties) = preSolution
		HideSolutionNode = FALSE
	EndGlobalSection
	GlobalSection(NestedProjects) = preSolution
		{C3F5AEC5-ACEE-4109-94E3-3F981DC18268} = {76B65006-E9D1-4535-995D-B5208AAC400D}
		{3AD1A3ED-ED11-479D-BE32-6589D98A9ADC} = {76B65006-E9D1-4535-995D-B5208AAC400D}
		{8A42A864-A69E-40F7-975E-F2FA36E7DFEE} = {76B65006-E9D1-4535-995D-B5208AAC400D}
		{11EA630B-4600-4236-A117-CE6C6CD67586} = {76B65006-E9D1-4535-995D-B5208AAC400D}
		{C8C96639-48B7-4022-AFB1-DC50DE35DAFE} = {76B65006-E9D1-4535-995D-B5208AAC400D}
		{CBE91D14-35DE-4D43-B72C-AD0143E2FDD3} = {76B65006-E9D1-4535-995D-B5208AAC400D}
		{19E9F9D0-A62A-4EF9-ABFD-9925AD38E169} = {C8C96639-48B7-4022-AFB1-DC50DE35DAFE}
		{98E1A381-0447-420E-8ACF-D1273858C08E} = {C8C96639-48B7-4022-AFB1-DC50DE35DAFE}
	EndGlobalSection
	GlobalSection(ExtensibilityGlobals) = postSolution
		SolutionGuid = {5CD801D7-984A-4F5C-8FA2-211B7A5EA9F3}
	EndGlobalSection
EndGlobal
